{
  "name": "@thzero/library_client_vue3",
  "version": "0.18.6",
  "lockfileVersion": 3,
  "requires": true,
  "packages": {
    "": {
      "name": "@thzero/library_client_vue3",
      "version": "0.18.6",
      "license": "MIT",
      "dependencies": {
        "@thzero/library_client": "^0.18",
        "@thzero/library_common": "^0.18",
        "@vuelidate/core": "^2.0.3",
        "@vuelidate/validators": "^2.0.4",
        "vue": "^3.4.27",
        "vue-cookie-comply": "^0.0.3",
        "vue-i18n": "^9.13.1",
        "vue-router": "^4.3.2",
        "vue-scrollto": "^2.20.0",
        "vue3-async-computed": "^3.0.0"
      }
    },
    "node_modules/@babel/parser": {
      "version": "7.24.7",
      "resolved": "https://registry.npmjs.org/@babel/parser/-/parser-7.24.7.tgz",
      "integrity": "sha512-9uUYRm6OqQrCqQdG1iCBwBPZgN8ciDBro2nIOFaiRz1/BCxaI7CNvQbDHvsArAC7Tw9Hda/B3U+6ui9u4HWXPw==",
      "bin": {
        "parser": "bin/babel-parser.js"
      },
      "engines": {
        "node": ">=6.0.0"
      }
    },
    "node_modules/@intlify/core-base": {
      "version": "9.13.1",
      "resolved": "https://registry.npmjs.org/@intlify/core-base/-/core-base-9.13.1.tgz",
      "integrity": "sha512-+bcQRkJO9pcX8d0gel9ZNfrzU22sZFSA0WVhfXrf5jdJOS24a+Bp8pozuS9sBI9Hk/tGz83pgKfmqcn/Ci7/8w==",
      "dependencies": {
        "@intlify/message-compiler": "9.13.1",
        "@intlify/shared": "9.13.1"
      },
      "engines": {
        "node": ">= 16"
      },
      "funding": {
        "url": "https://github.com/sponsors/kazupon"
      }
    },
    "node_modules/@intlify/message-compiler": {
      "version": "9.13.1",
      "resolved": "https://registry.npmjs.org/@intlify/message-compiler/-/message-compiler-9.13.1.tgz",
      "integrity": "sha512-SKsVa4ajYGBVm7sHMXd5qX70O2XXjm55zdZB3VeMFCvQyvLew/dLvq3MqnaIsTMF1VkkOb9Ttr6tHcMlyPDL9w==",
      "dependencies": {
        "@intlify/shared": "9.13.1",
        "source-map-js": "^1.0.2"
      },
      "engines": {
        "node": ">= 16"
      },
      "funding": {
        "url": "https://github.com/sponsors/kazupon"
      }
    },
    "node_modules/@intlify/shared": {
      "version": "9.13.1",
      "resolved": "https://registry.npmjs.org/@intlify/shared/-/shared-9.13.1.tgz",
      "integrity": "sha512-u3b6BKGhE6j/JeRU6C/RL2FgyJfy6LakbtfeVF8fJXURpZZTzfh3e05J0bu0XPw447Q6/WUp3C4ajv4TMS4YsQ==",
      "engines": {
        "node": ">= 16"
      },
      "funding": {
        "url": "https://github.com/sponsors/kazupon"
      }
    },
    "node_modules/@jridgewell/sourcemap-codec": {
      "version": "1.4.15",
      "resolved": "https://registry.npmjs.org/@jridgewell/sourcemap-codec/-/sourcemap-codec-1.4.15.tgz",
      "integrity": "sha512-eF2rxCRulEKXHTRiDrDy6erMYWqNw4LPdQ8UQA4huuxaQsVeRPFl2oM8oDGxMFhJUWZf9McpLtJasDDZb/Bpeg=="
    },
    "node_modules/@mdi/font": {
      "version": "7.0.96",
      "resolved": "https://registry.npmjs.org/@mdi/font/-/font-7.0.96.tgz",
      "integrity": "sha512-rzlxTfR64hqY8yiBzDjmANfcd8rv+T5C0Yedv/TWk2QyAQYdc66e0kaN1ipmnYU3RukHRTRcBARHzzm+tIhL7w==",
      "peer": true
    },
    "node_modules/@thzero/library_client": {
      "version": "0.18.10",
      "resolved": "https://registry.npmjs.org/@thzero/library_client/-/library_client-0.18.10.tgz",
      "integrity": "sha512-XM0O/aQUiemrAt8Oj6UWQCESdbQrZBSW6a5j/F7Hfj97ELVnSbpXsgy688yyHFLIoGJbAJ63lcZ6fQZfYAO9DA==",
      "dependencies": {
        "@thzero/library_common": "^0.18",
        "easy-rbac": "^3.2.0",
        "highlight.js": "^11.9.0",
        "marked": "^13.0.1",
        "mitt": "^3.0.1"
      },
      "peerDependencies": {
        "@mdi/font": "^7",
        "material-design-icons-iconfont": "^6"
      }
    },
    "node_modules/@thzero/library_common": {
      "version": "0.18.6",
      "resolved": "https://registry.npmjs.org/@thzero/library_common/-/library_common-0.18.6.tgz",
      "integrity": "sha512-YaydebuM92LLdLKr9fjHf8SqO2a8eO+qXVVizjKUGsXsm0iJcERzIBEfGsm8BMpImSLHO1uuuvkjaKiBdaVf7w==",
      "dependencies": {
        "@thzero/library_id_nanoid": "^0.18",
        "dayjs": "^1.11.11",
        "dayjs-plugin-utc": "^0.1.2",
        "lodash-es": "^4.17.21"
      }
    },
    "node_modules/@thzero/library_id_nanoid": {
      "version": "0.18.4",
      "resolved": "https://registry.npmjs.org/@thzero/library_id_nanoid/-/library_id_nanoid-0.18.4.tgz",
      "integrity": "sha512-RnAobr5gxJzd4xct2gbb/59m+CnWGQ3DPabqHxepzp80V6bXY5um9OVUzX1N6EwhP8rFT36dUGQVEpbEWJS1hw==",
      "dependencies": {
        "nanoid": "^5.0.7"
      }
    },
    "node_modules/@vue/compiler-core": {
      "version": "3.4.31",
      "resolved": "https://registry.npmjs.org/@vue/compiler-core/-/compiler-core-3.4.31.tgz",
      "integrity": "sha512-skOiodXWTV3DxfDhB4rOf3OGalpITLlgCeOwb+Y9GJpfQ8ErigdBUHomBzvG78JoVE8MJoQsb+qhZiHfKeNeEg==",
      "dependencies": {
        "@babel/parser": "^7.24.7",
        "@vue/shared": "3.4.31",
        "entities": "^4.5.0",
        "estree-walker": "^2.0.2",
        "source-map-js": "^1.2.0"
      }
    },
    "node_modules/@vue/compiler-dom": {
      "version": "3.4.31",
      "resolved": "https://registry.npmjs.org/@vue/compiler-dom/-/compiler-dom-3.4.31.tgz",
      "integrity": "sha512-wK424WMXsG1IGMyDGyLqB+TbmEBFM78hIsOJ9QwUVLGrcSk0ak6zYty7Pj8ftm7nEtdU/DGQxAXp0/lM/2cEpQ==",
      "dependencies": {
        "@vue/compiler-core": "3.4.31",
        "@vue/shared": "3.4.31"
      }
    },
    "node_modules/@vue/compiler-sfc": {
      "version": "3.4.31",
      "resolved": "https://registry.npmjs.org/@vue/compiler-sfc/-/compiler-sfc-3.4.31.tgz",
      "integrity": "sha512-einJxqEw8IIJxzmnxmJBuK2usI+lJonl53foq+9etB2HAzlPjAS/wa7r0uUpXw5ByX3/0uswVSrjNb17vJm1kQ==",
      "dependencies": {
        "@babel/parser": "^7.24.7",
        "@vue/compiler-core": "3.4.31",
        "@vue/compiler-dom": "3.4.31",
        "@vue/compiler-ssr": "3.4.31",
        "@vue/shared": "3.4.31",
        "estree-walker": "^2.0.2",
        "magic-string": "^0.30.10",
        "postcss": "^8.4.38",
        "source-map-js": "^1.2.0"
      }
    },
    "node_modules/@vue/compiler-ssr": {
      "version": "3.4.31",
      "resolved": "https://registry.npmjs.org/@vue/compiler-ssr/-/compiler-ssr-3.4.31.tgz",
      "integrity": "sha512-RtefmITAje3fJ8FSg1gwgDhdKhZVntIVbwupdyZDSifZTRMiWxWehAOTCc8/KZDnBOcYQ4/9VWxsTbd3wT0hAA==",
      "dependencies": {
        "@vue/compiler-dom": "3.4.31",
        "@vue/shared": "3.4.31"
      }
    },
    "node_modules/@vue/devtools-api": {
      "version": "6.6.3",
      "resolved": "https://registry.npmjs.org/@vue/devtools-api/-/devtools-api-6.6.3.tgz",
      "integrity": "sha512-0MiMsFma/HqA6g3KLKn+AGpL1kgKhFWszC9U29NfpWK5LE7bjeXxySWJrOJ77hBz+TBrBQ7o4QJqbPbqbs8rJw=="
    },
    "node_modules/@vue/reactivity": {
      "version": "3.4.31",
      "resolved": "https://registry.npmjs.org/@vue/reactivity/-/reactivity-3.4.31.tgz",
      "integrity": "sha512-VGkTani8SOoVkZNds1PfJ/T1SlAIOf8E58PGAhIOUDYPC4GAmFA2u/E14TDAFcf3vVDKunc4QqCe/SHr8xC65Q==",
      "dependencies": {
        "@vue/shared": "3.4.31"
      }
    },
    "node_modules/@vue/runtime-core": {
      "version": "3.4.31",
      "resolved": "https://registry.npmjs.org/@vue/runtime-core/-/runtime-core-3.4.31.tgz",
      "integrity": "sha512-LDkztxeUPazxG/p8c5JDDKPfkCDBkkiNLVNf7XZIUnJ+66GVGkP+TIh34+8LtPisZ+HMWl2zqhIw0xN5MwU1cw==",
      "dependencies": {
        "@vue/reactivity": "3.4.31",
        "@vue/shared": "3.4.31"
      }
    },
    "node_modules/@vue/runtime-dom": {
      "version": "3.4.31",
      "resolved": "https://registry.npmjs.org/@vue/runtime-dom/-/runtime-dom-3.4.31.tgz",
      "integrity": "sha512-2Auws3mB7+lHhTFCg8E9ZWopA6Q6L455EcU7bzcQ4x6Dn4cCPuqj6S2oBZgN2a8vJRS/LSYYxwFFq2Hlx3Fsaw==",
      "dependencies": {
        "@vue/reactivity": "3.4.31",
        "@vue/runtime-core": "3.4.31",
        "@vue/shared": "3.4.31",
        "csstype": "^3.1.3"
      }
    },
    "node_modules/@vue/server-renderer": {
      "version": "3.4.31",
      "resolved": "https://registry.npmjs.org/@vue/server-renderer/-/server-renderer-3.4.31.tgz",
      "integrity": "sha512-D5BLbdvrlR9PE3by9GaUp1gQXlCNadIZytMIb8H2h3FMWJd4oUfkUTEH2wAr3qxoRz25uxbTcbqd3WKlm9EHQA==",
      "dependencies": {
        "@vue/compiler-ssr": "3.4.31",
        "@vue/shared": "3.4.31"
      },
      "peerDependencies": {
        "vue": "3.4.31"
      }
    },
    "node_modules/@vue/shared": {
      "version": "3.4.31",
      "resolved": "https://registry.npmjs.org/@vue/shared/-/shared-3.4.31.tgz",
      "integrity": "sha512-Yp3wtJk//8cO4NItOPpi3QkLExAr/aLBGZMmTtW9WpdwBCJpRM6zj9WgWktXAl8IDIozwNMByT45JP3tO3ACWA=="
    },
    "node_modules/@vuelidate/core": {
      "version": "2.0.3",
      "resolved": "https://registry.npmjs.org/@vuelidate/core/-/core-2.0.3.tgz",
      "integrity": "sha512-AN6l7KF7+mEfyWG0doT96z+47ljwPpZfi9/JrNMkOGLFv27XVZvKzRLXlmDPQjPl/wOB1GNnHuc54jlCLRNqGA==",
      "dependencies": {
        "vue-demi": "^0.13.11"
      },
      "peerDependencies": {
        "@vue/composition-api": "^1.0.0-rc.1",
        "vue": "^2.0.0 || >=3.0.0"
      },
      "peerDependenciesMeta": {
        "@vue/composition-api": {
          "optional": true
        }
      }
    },
    "node_modules/@vuelidate/core/node_modules/vue-demi": {
      "version": "0.13.11",
      "resolved": "https://registry.npmjs.org/vue-demi/-/vue-demi-0.13.11.tgz",
      "integrity": "sha512-IR8HoEEGM65YY3ZJYAjMlKygDQn25D5ajNFNoKh9RSDMQtlzCxtfQjdQgv9jjK+m3377SsJXY8ysq8kLCZL25A==",
      "hasInstallScript": true,
      "bin": {
        "vue-demi-fix": "bin/vue-demi-fix.js",
        "vue-demi-switch": "bin/vue-demi-switch.js"
      },
      "engines": {
        "node": ">=12"
      },
      "funding": {
        "url": "https://github.com/sponsors/antfu"
      },
      "peerDependencies": {
        "@vue/composition-api": "^1.0.0-rc.1",
        "vue": "^3.0.0-0 || ^2.6.0"
      },
      "peerDependenciesMeta": {
        "@vue/composition-api": {
          "optional": true
        }
      }
    },
    "node_modules/@vuelidate/validators": {
      "version": "2.0.4",
      "resolved": "https://registry.npmjs.org/@vuelidate/validators/-/validators-2.0.4.tgz",
      "integrity": "sha512-odTxtUZ2JpwwiQ10t0QWYJkkYrfd0SyFYhdHH44QQ1jDatlZgTh/KRzrWVmn/ib9Gq7H4hFD4e8ahoo5YlUlDw==",
      "dependencies": {
        "vue-demi": "^0.13.11"
      },
      "peerDependencies": {
        "@vue/composition-api": "^1.0.0-rc.1",
        "vue": "^2.0.0 || >=3.0.0"
      },
      "peerDependenciesMeta": {
        "@vue/composition-api": {
          "optional": true
        }
      }
    },
    "node_modules/@vuelidate/validators/node_modules/vue-demi": {
      "version": "0.13.11",
      "resolved": "https://registry.npmjs.org/vue-demi/-/vue-demi-0.13.11.tgz",
      "integrity": "sha512-IR8HoEEGM65YY3ZJYAjMlKygDQn25D5ajNFNoKh9RSDMQtlzCxtfQjdQgv9jjK+m3377SsJXY8ysq8kLCZL25A==",
      "hasInstallScript": true,
      "bin": {
        "vue-demi-fix": "bin/vue-demi-fix.js",
        "vue-demi-switch": "bin/vue-demi-switch.js"
      },
      "engines": {
        "node": ">=12"
      },
      "funding": {
        "url": "https://github.com/sponsors/antfu"
      },
      "peerDependencies": {
        "@vue/composition-api": "^1.0.0-rc.1",
        "vue": "^3.0.0-0 || ^2.6.0"
      },
      "peerDependenciesMeta": {
        "@vue/composition-api": {
          "optional": true
        }
      }
    },
    "node_modules/bezier-easing": {
      "version": "2.1.0",
      "resolved": "https://registry.npmjs.org/bezier-easing/-/bezier-easing-2.1.0.tgz",
      "integrity": "sha1-wE3+i5JtbsrKGBPWn/F5t8ICXYY="
    },
    "node_modules/csstype": {
      "version": "3.1.3",
      "resolved": "https://registry.npmjs.org/csstype/-/csstype-3.1.3.tgz",
      "integrity": "sha512-M1uQkMl8rQK/szD0LNhtqxIPLpimGm8sOBwU7lLnCpSbTyY3yeU1Vc7l4KT5zT4s/yOxHH5O7tIuuLOCnLADRw=="
    },
    "node_modules/dayjs": {
      "version": "1.11.11",
      "resolved": "https://registry.npmjs.org/dayjs/-/dayjs-1.11.11.tgz",
      "integrity": "sha512-okzr3f11N6WuqYtZSvm+F776mB41wRZMhKP+hc34YdW+KmtYYK9iqvHSwo2k9FEH3fhGXvOPV6yz2IcSrfRUDg=="
    },
    "node_modules/dayjs-plugin-utc": {
      "version": "0.1.2",
      "resolved": "https://registry.npmjs.org/dayjs-plugin-utc/-/dayjs-plugin-utc-0.1.2.tgz",
      "integrity": "sha512-ExERH5o3oo6jFOdkvMP3gytTCQ9Ksi5PtylclJWghr7k7m3o2U5QrwtdiJkOxLOH4ghr0EKhpqGefzGz1VvVJg=="
    },
    "node_modules/debug": {
      "version": "4.3.3",
      "resolved": "https://registry.npmjs.org/debug/-/debug-4.3.3.tgz",
      "integrity": "sha512-/zxw5+vh1Tfv+4Qn7a5nsbcJKPaSvCDhojn6FEl9vupwK2VCSDtEiEtqr8DFtzYFOdz63LBkxec7DYuc2jon6Q==",
      "dependencies": {
        "ms": "2.1.2"
      },
      "engines": {
        "node": ">=6.0"
      },
      "peerDependenciesMeta": {
        "supports-color": {
          "optional": true
        }
      }
    },
    "node_modules/easy-rbac": {
      "version": "3.2.0",
      "resolved": "https://registry.npmjs.org/easy-rbac/-/easy-rbac-3.2.0.tgz",
      "integrity": "sha512-cRBiDCWPg0QwTwR98lDFkar0ZpDXk7MWGxhqvnkXcPDPu0jtq82uRroxErgr3O78hgqWZ6BGcqYJRyyHD5Hl+A==",
      "dependencies": {
        "debug": "^4.3.3"
      },
      "engines": {
        "node": ">=10.0"
      }
    },
    "node_modules/entities": {
      "version": "4.5.0",
      "resolved": "https://registry.npmjs.org/entities/-/entities-4.5.0.tgz",
      "integrity": "sha512-V0hjH4dGPh9Ao5p0MoRY6BVqtwCjhz6vI5LT8AJ55H+4g9/4vbHx1I54fS0XuclLhDHArPQCiMjDxjaL8fPxhw==",
      "engines": {
        "node": ">=0.12"
      },
      "funding": {
        "url": "https://github.com/fb55/entities?sponsor=1"
      }
    },
    "node_modules/estree-walker": {
      "version": "2.0.2",
      "resolved": "https://registry.npmjs.org/estree-walker/-/estree-walker-2.0.2.tgz",
      "integrity": "sha512-Rfkk/Mp/DL7JVje3u18FxFujQlTNR2q6QfMSMB7AvCBx91NGj/ba3kCfza0f6dVDbw7YlRf/nDrn7pQrCCyQ/w=="
    },
    "node_modules/highlight.js": {
      "version": "11.9.0",
      "resolved": "https://registry.npmjs.org/highlight.js/-/highlight.js-11.9.0.tgz",
      "integrity": "sha512-fJ7cW7fQGCYAkgv4CPfwFHrfd/cLS4Hau96JuJ+ZTOWhjnhoeN1ub1tFmALm/+lW5z4WCAuAV9bm05AP0mS6Gw==",
      "engines": {
        "node": ">=12.0.0"
      }
    },
    "node_modules/lodash-es": {
      "version": "4.17.21",
      "resolved": "https://registry.npmjs.org/lodash-es/-/lodash-es-4.17.21.tgz",
      "integrity": "sha512-mKnC+QJ9pWVzv+C4/U3rRsHapFfHvQFoFB92e52xeyGMcX6/OlIl78je1u8vePzYZSkkogMPJ2yjxxsb89cxyw=="
    },
    "node_modules/magic-string": {
      "version": "0.30.10",
      "resolved": "https://registry.npmjs.org/magic-string/-/magic-string-0.30.10.tgz",
      "integrity": "sha512-iIRwTIf0QKV3UAnYK4PU8uiEc4SRh5jX0mwpIwETPpHdhVM4f53RSwS/vXvN1JhGX+Cs7B8qIq3d6AH49O5fAQ==",
      "dependencies": {
        "@jridgewell/sourcemap-codec": "^1.4.15"
      }
    },
    "node_modules/marked": {
      "version": "13.0.1",
      "resolved": "https://registry.npmjs.org/marked/-/marked-13.0.1.tgz",
      "integrity": "sha512-7kBohS6GrZKvCsNXZyVVXSW7/hGBHe49ng99YPkDCckSUrrG7MSFLCexsRxptzOmyW2eT5dySh4Md1V6my52fA==",
      "bin": {
        "marked": "bin/marked.js"
      },
      "engines": {
        "node": ">= 18"
      }
    },
    "node_modules/material-design-icons-iconfont": {
      "version": "6.1.0",
      "resolved": "https://registry.npmjs.org/material-design-icons-iconfont/-/material-design-icons-iconfont-6.1.0.tgz",
      "integrity": "sha512-wRJtOo1v1ch+gN8PRsj0IGJznk+kQ8mz13ds/nuhLI+Qyf/931ZlRpd92oq0IRPpZIb+bhX8pRjzIVdcPDKmiQ==",
      "peer": true
    },
    "node_modules/mitt": {
      "version": "3.0.1",
      "resolved": "https://registry.npmjs.org/mitt/-/mitt-3.0.1.tgz",
      "integrity": "sha512-vKivATfr97l2/QBCYAkXYDbrIWPM2IIKEl7YPhjCvKlG3kE2gm+uBo6nEXK3M5/Ffh/FLpKExzOQ3JJoJGFKBw=="
    },
    "node_modules/ms": {
      "version": "2.1.2",
      "resolved": "https://registry.npmjs.org/ms/-/ms-2.1.2.tgz",
      "integrity": "sha512-sGkPx+VjMtmA6MX27oA4FBFELFCZZ4S4XqeGOXCv68tT+jb3vk/RyaKWP0PTKyWtmLSM0b+adUTEvbs1PEaH2w=="
    },
    "node_modules/nanoid": {
      "version": "5.0.7",
      "resolved": "https://registry.npmjs.org/nanoid/-/nanoid-5.0.7.tgz",
      "integrity": "sha512-oLxFY2gd2IqnjcYyOXD8XGCftpGtZP2AbHbOkthDkvRywH5ayNtPVy9YlOPcHckXzbLTCHpkb7FB+yuxKV13pQ==",
      "funding": [
        {
          "type": "github",
          "url": "https://github.com/sponsors/ai"
        }
      ],
      "bin": {
        "nanoid": "bin/nanoid.js"
      },
      "engines": {
        "node": "^18 || >=20"
      }
    },
    "node_modules/picocolors": {
      "version": "1.0.1",
      "resolved": "https://registry.npmjs.org/picocolors/-/picocolors-1.0.1.tgz",
      "integrity": "sha512-anP1Z8qwhkbmu7MFP5iTt+wQKXgwzf7zTyGlcdzabySa9vd0Xt392U0rVmz9poOaBj0uHJKyyo9/upk0HrEQew=="
    },
    "node_modules/postcss": {
      "version": "8.4.39",
      "resolved": "https://registry.npmjs.org/postcss/-/postcss-8.4.39.tgz",
      "integrity": "sha512-0vzE+lAiG7hZl1/9I8yzKLx3aR9Xbof3fBHKunvMfOCYAtMhrsnccJY2iTURb9EZd5+pLuiNV9/c/GZJOHsgIw==",
      "funding": [
        {
          "type": "opencollective",
          "url": "https://opencollective.com/postcss/"
        },
        {
          "type": "tidelift",
          "url": "https://tidelift.com/funding/github/npm/postcss"
        },
        {
          "type": "github",
          "url": "https://github.com/sponsors/ai"
        }
      ],
      "dependencies": {
        "nanoid": "^3.3.7",
        "picocolors": "^1.0.1",
        "source-map-js": "^1.2.0"
      },
      "engines": {
        "node": "^10 || ^12 || >=14"
      }
    },
    "node_modules/postcss/node_modules/nanoid": {
      "version": "3.3.7",
      "resolved": "https://registry.npmjs.org/nanoid/-/nanoid-3.3.7.tgz",
      "integrity": "sha512-eSRppjcPIatRIMC1U6UngP8XFcz8MQWGQdt1MTBQ7NaAmvXDfvNxbvWV3x2y6CdEUciCSsDHDQZbhYaB8QEo2g==",
      "funding": [
        {
          "type": "github",
          "url": "https://github.com/sponsors/ai"
        }
      ],
      "bin": {
        "nanoid": "bin/nanoid.cjs"
      },
      "engines": {
        "node": "^10 || ^12 || ^13.7 || ^14 || >=15.0.1"
      }
    },
    "node_modules/source-map-js": {
      "version": "1.2.0",
      "resolved": "https://registry.npmjs.org/source-map-js/-/source-map-js-1.2.0.tgz",
      "integrity": "sha512-itJW8lvSA0TXEphiRoawsCksnlf8SyvmFzIhltqAHluXd88pkCd+cXJVHTDwdCr0IzwptSm035IHQktUu1QUMg==",
      "engines": {
        "node": ">=0.10.0"
      }
    },
    "node_modules/vue": {
      "version": "3.4.31",
      "resolved": "https://registry.npmjs.org/vue/-/vue-3.4.31.tgz",
      "integrity": "sha512-njqRrOy7W3YLAlVqSKpBebtZpDVg21FPoaq1I7f/+qqBThK9ChAIjkRWgeP6Eat+8C+iia4P3OYqpATP21BCoQ==",
      "dependencies": {
        "@vue/compiler-dom": "3.4.31",
        "@vue/compiler-sfc": "3.4.31",
        "@vue/runtime-dom": "3.4.31",
        "@vue/server-renderer": "3.4.31",
        "@vue/shared": "3.4.31"
      },
      "peerDependencies": {
        "typescript": "*"
      },
      "peerDependenciesMeta": {
        "typescript": {
          "optional": true
        }
      }
    },
    "node_modules/vue-cookie-comply": {
      "version": "0.0.3",
      "resolved": "https://registry.npmjs.org/vue-cookie-comply/-/vue-cookie-comply-0.0.3.tgz",
      "integrity": "sha512-6CRzq4CD7PGJPRa5wORVFi6NBjZ+yvB72Lx1KWAnFDsAewMeGRQG+1HQeKzZ3Q/sP/cEYF7//Q0Bluo/d0Fz9Q==",
      "peerDependencies": {
        "vue": "3.x"
      }
    },
    "node_modules/vue-i18n": {
      "version": "9.13.1",
      "resolved": "https://registry.npmjs.org/vue-i18n/-/vue-i18n-9.13.1.tgz",
      "integrity": "sha512-mh0GIxx0wPtPlcB1q4k277y0iKgo25xmDPWioVVYanjPufDBpvu5ySTjP5wOrSvlYQ2m1xI+CFhGdauv/61uQg==",
      "dependencies": {
        "@intlify/core-base": "9.13.1",
        "@intlify/shared": "9.13.1",
        "@vue/devtools-api": "^6.5.0"
      },
      "engines": {
        "node": ">= 16"
      },
      "funding": {
        "url": "https://github.com/sponsors/kazupon"
      },
      "peerDependencies": {
        "vue": "^3.0.0"
      }
    },
    "node_modules/vue-router": {
      "version": "4.4.0",
      "resolved": "https://registry.npmjs.org/vue-router/-/vue-router-4.4.0.tgz",
      "integrity": "sha512-HB+t2p611aIZraV2aPSRNXf0Z/oLZFrlygJm+sZbdJaW6lcFqEDQwnzUBXn+DApw+/QzDU/I9TeWx9izEjTmsA==",
      "dependencies": {
        "@vue/devtools-api": "^6.5.1"
      },
      "funding": {
        "url": "https://github.com/sponsors/posva"
      },
      "peerDependencies": {
        "vue": "^3.2.0"
      }
    },
    "node_modules/vue-scrollto": {
      "version": "2.20.0",
      "resolved": "https://registry.npmjs.org/vue-scrollto/-/vue-scrollto-2.20.0.tgz",
      "integrity": "sha512-7i+AGKJTThZnMEkhIPgrZjyAX+fXV7/rGdg+CV283uZZwCxwiMXaBLTmIc5RTA4uwGnT+E6eJle3mXQfM2OD3A==",
      "dependencies": {
        "bezier-easing": "2.1.0"
      }
    },
    "node_modules/vue3-async-computed": {
      "version": "3.0.0",
      "resolved": "https://registry.npmjs.org/vue3-async-computed/-/vue3-async-computed-3.0.0.tgz",
      "integrity": "sha512-qVopDA7b7A0ZxVGEG4UEF18mTxpSmtF4Z8OfRXlxnNavdWVw6RDdvf3btr9zStf9v0L58O3geBs94UDjKtzaBQ==",
      "license": "ISC",
      "peerDependencies": {
        "vue": ">=3.0.0"
      }
    }
  }
}
